
Microsoft Visual Studio Solution File, Format Version 12.00
# Visual Studio Version 17
VisualStudioVersion = 17.0.31903.59
MinimumVisualStudioVersion = 10.0.40219.1
Project("{2150E333-8FDC-42A3-9474-1A3956D46DE8}") = "src", "src", "{827E0CD3-B72D-47B6-A68D-7590B98EB39B}"
EndProject
Project("{2150E333-8FDC-42A3-9474-1A3956D46DE8}") = "CompanyApi", "CompanyApi", "{679F50D3-C30B-BA46-B9DC-567E64BDC732}"
EndProject
Project("{FAE04EC0-301F-11D3-BF4B-00C04F79EFBC}") = "CompanyApi", "src\CompanyApi\CompanyApi\CompanyApi.csproj", "{ED227C0E-91D2-4DDF-B0F5-2A9020599157}"
EndProject
Project("{FAE04EC0-301F-11D3-BF4B-00C04F79EFBC}") = "CompanyApi.Tests", "tests\CompanyApi.Tests\CompanyApi.Tests\CompanyApi.Tests.csproj", "{6A822751-889E-4689-AF8F-C070F528D414}"
EndProject
Global
	GlobalSection(SolutionConfigurationPlatforms) = preSolution
		Debug|Any CPU = Debug|Any CPU
		Debug|x64 = Debug|x64
		Debug|x86 = Debug|x86
		Release|Any CPU = Release|Any CPU
		Release|x64 = Release|x64
		Release|x86 = Release|x86
	EndGlobalSection
	GlobalSection(ProjectConfigurationPlatforms) = postSolution
		{ED227C0E-91D2-4DDF-B0F5-2A9020599157}.Debug|Any CPU.ActiveCfg = Debug|Any CPU
		{ED227C0E-91D2-4DDF-B0F5-2A9020599157}.Debug|Any CPU.Build.0 = Debug|Any CPU
		{ED227C0E-91D2-4DDF-B0F5-2A9020599157}.Debug|x64.ActiveCfg = Debug|Any CPU
		{ED227C0E-91D2-4DDF-B0F5-2A9020599157}.Debug|x64.Build.0 = Debug|Any CPU
		{ED227C0E-91D2-4DDF-B0F5-2A9020599157}.Debug|x86.ActiveCfg = Debug|Any CPU
		{ED227C0E-91D2-4DDF-B0F5-2A9020599157}.Debug|x86.Build.0 = Debug|Any CPU
		{ED227C0E-91D2-4DDF-B0F5-2A9020599157}.Release|Any CPU.ActiveCfg = Release|Any CPU
		{ED227C0E-91D2-4DDF-B0F5-2A9020599157}.Release|Any CPU.Build.0 = Release|Any CPU
		{ED227C0E-91D2-4DDF-B0F5-2A9020599157}.Release|x64.ActiveCfg = Release|Any CPU
		{ED227C0E-91D2-4DDF-B0F5-2A9020599157}.Release|x64.Build.0 = Release|Any CPU
		{ED227C0E-91D2-4DDF-B0F5-2A9020599157}.Release|x86.ActiveCfg = Release|Any CPU
		{ED227C0E-91D2-4DDF-B0F5-2A9020599157}.Release|x86.Build.0 = Release|Any CPU
		{6A822751-889E-4689-AF8F-C070F528D414}.Debug|Any CPU.ActiveCfg = Debug|Any CPU
		{6A822751-889E-4689-AF8F-C070F528D414}.Debug|Any CPU.Build.0 = Debug|Any CPU
		{6A822751-889E-4689-AF8F-C070F528D414}.Debug|x64.ActiveCfg = Debug|Any CPU
		{6A822751-889E-4689-AF8F-C070F528D414}.Debug|x64.Build.0 = Debug|Any CPU
		{6A822751-889E-4689-AF8F-C070F528D414}.Debug|x86.ActiveCfg = Debug|Any CPU
		{6A822751-889E-4689-AF8F-C070F528D414}.Debug|x86.Build.0 = Debug|Any CPU
		{6A822751-889E-4689-AF8F-C070F528D414}.Release|Any CPU.ActiveCfg = Release|Any CPU
		{6A822751-889E-4689-AF8F-C070F528D414}.Release|Any CPU.Build.0 = Release|Any CPU
		{6A822751-889E-4689-AF8F-C070F528D414}.Release|x64.ActiveCfg = Release|Any CPU
		{6A822751-889E-4689-AF8F-C070F528D414}.Release|x64.Build.0 = Release|Any CPU
		{6A822751-889E-4689-AF8F-C070F528D414}.Release|x86.ActiveCfg = Release|Any CPU
		{6A822751-889E-4689-AF8F-C070F528D414}.Release|x86.Build.0 = Release|Any CPU
	EndGlobalSection
	GlobalSection(SolutionProperties) = preSolution
		HideSolutionNode = FALSE
	EndGlobalSection
	GlobalSection(NestedProjects) = preSolution
		{679F50D3-C30B-BA46-B9DC-567E64BDC732} = {827E0CD3-B72D-47B6-A68D-7590B98EB39B}
		{ED227C0E-91D2-4DDF-B0F5-2A9020599157} = {679F50D3-C30B-BA46-B9DC-567E64BDC732}
		{6A822751-889E-4689-AF8F-C070F528D414} = {679F50D3-C30B-BA46-B9DC-567E64BDC732}
	EndGlobalSection
EndGlobal
